
Microsoft Visual Studio Solution File, Format Version 12.00
# Visual Studio Version 17
VisualStudioVersion = 17.1.32421.90
MinimumVisualStudioVersion = 10.0.40219.1
Project("{9A19103F-16F7-4668-BE54-9A1E7A4F7556}") = "SaturnApi.Business", "src\WdaApi.Business\SaturnApi.Business.csproj", "{574CDB41-0F34-43AF-BBD5-66053511A650}"
EndProject
Project("{9A19103F-16F7-4668-BE54-9A1E7A4F7556}") = "SaturnApi.Data", "src\WdaApi.Data\SaturnApi.Data.csproj", "{1E89A846-3204-4D23-BAD9-5284C6675AB7}"
EndProject
Project("{9A19103F-16F7-4668-BE54-9A1E7A4F7556}") = "SaturnApi.Api", "src\WdaApi.Api\SaturnApi.Api.csproj", "{515D8109-D51C-44BC-9150-31C34D225A49}"
EndProject
Global
	GlobalSection(SolutionConfigurationPlatforms) = preSolution
		Debug|Any CPU = Debug|Any CPU
		Release|Any CPU = Release|Any CPU
	EndGlobalSection
	GlobalSection(ProjectConfigurationPlatforms) = postSolution
		{574CDB41-0F34-43AF-BBD5-66053511A650}.Debug|Any CPU.ActiveCfg = Debug|Any CPU
		{574CDB41-0F34-43AF-BBD5-66053511A650}.Debug|Any CPU.Build.0 = Debug|Any CPU
		{574CDB41-0F34-43AF-BBD5-66053511A650}.Release|Any CPU.ActiveCfg = Release|Any CPU
		{574CDB41-0F34-43AF-BBD5-66053511A650}.Release|Any CPU.Build.0 = Release|Any CPU
		{1E89A846-3204-4D23-BAD9-5284C6675AB7}.Debug|Any CPU.ActiveCfg = Debug|Any CPU
		{1E89A846-3204-4D23-BAD9-5284C6675AB7}.Debug|Any CPU.Build.0 = Debug|Any CPU
		{1E89A846-3204-4D23-BAD9-5284C6675AB7}.Release|Any CPU.ActiveCfg = Release|Any CPU
		{1E89A846-3204-4D23-BAD9-5284C6675AB7}.Release|Any CPU.Build.0 = Release|Any CPU
		{515D8109-D51C-44BC-9150-31C34D225A49}.Debug|Any CPU.ActiveCfg = Debug|Any CPU
		{515D8109-D51C-44BC-9150-31C34D225A49}.Debug|Any CPU.Build.0 = Debug|Any CPU
		{515D8109-D51C-44BC-9150-31C34D225A49}.Release|Any CPU.ActiveCfg = Release|Any CPU
		{515D8109-D51C-44BC-9150-31C34D225A49}.Release|Any CPU.Build.0 = Release|Any CPU
	EndGlobalSection
	GlobalSection(SolutionProperties) = preSolution
		HideSolutionNode = FALSE
	EndGlobalSection
	GlobalSection(ExtensibilityGlobals) = postSolution
		SolutionGuid = {3C99875E-7836-49FF-8332-50B82E98369E}
	EndGlobalSection
EndGlobal
